
Microsoft Visual Studio Solution File, Format Version 12.00
# Visual Studio Version 17
VisualStudioVersion = 17.13.35931.197 d17.13
MinimumVisualStudioVersion = 10.0.40219.1
Project("{8BC9CEB8-8B4A-11D0-8D11-00A0C91BC942}") = "ExternalExecutor", "ExternalExecutor\ExternalExecutor.vcxproj", "{5BC64AB0-BBC0-4FBB-92EF-34748F69479E}"
EndProject
Project("{FAE04EC0-301F-11D3-BF4B-00C04F79EFBC}") = "ExternalExecutorUI", "ExternalExecutorUI\ExternalExecutorUI.csproj", "{F3484C15-9B61-4531-B3EC-6E1EB10D7931}"
EndProject
Global
	GlobalSection(SolutionConfigurationPlatforms) = preSolution
		Debug|Any CPU = Debug|Any CPU
		Debug|x64 = Debug|x64
		Debug|x86 = Debug|x86
		Release|Any CPU = Release|Any CPU
		Release|x64 = Release|x64
		Release|x86 = Release|x86
	EndGlobalSection
	GlobalSection(ProjectConfigurationPlatforms) = postSolution
		{5BC64AB0-BBC0-4FBB-92EF-34748F69479E}.Debug|Any CPU.ActiveCfg = Debug|x64
		{5BC64AB0-BBC0-4FBB-92EF-34748F69479E}.Debug|Any CPU.Build.0 = Debug|x64
		{5BC64AB0-BBC0-4FBB-92EF-34748F69479E}.Debug|x64.ActiveCfg = Debug|x64
		{5BC64AB0-BBC0-4FBB-92EF-34748F69479E}.Debug|x64.Build.0 = Debug|x64
		{5BC64AB0-BBC0-4FBB-92EF-34748F69479E}.Debug|x86.ActiveCfg = Debug|Win32
		{5BC64AB0-BBC0-4FBB-92EF-34748F69479E}.Debug|x86.Build.0 = Debug|Win32
		{5BC64AB0-BBC0-4FBB-92EF-34748F69479E}.Release|Any CPU.ActiveCfg = Release|x64
		{5BC64AB0-BBC0-4FBB-92EF-34748F69479E}.Release|Any CPU.Build.0 = Release|x64
		{5BC64AB0-BBC0-4FBB-92EF-34748F69479E}.Release|x64.ActiveCfg = Release|x64
		{5BC64AB0-BBC0-4FBB-92EF-34748F69479E}.Release|x64.Build.0 = Release|x64
		{5BC64AB0-BBC0-4FBB-92EF-34748F69479E}.Release|x86.ActiveCfg = Release|Win32
		{5BC64AB0-BBC0-4FBB-92EF-34748F69479E}.Release|x86.Build.0 = Release|Win32
		{F3484C15-9B61-4531-B3EC-6E1EB10D7931}.Debug|Any CPU.ActiveCfg = Debug|Any CPU
		{F3484C15-9B61-4531-B3EC-6E1EB10D7931}.Debug|Any CPU.Build.0 = Debug|Any CPU
		{F3484C15-9B61-4531-B3EC-6E1EB10D7931}.Debug|x64.ActiveCfg = Debug|Any CPU
		{F3484C15-9B61-4531-B3EC-6E1EB10D7931}.Debug|x64.Build.0 = Debug|Any CPU
		{F3484C15-9B61-4531-B3EC-6E1EB10D7931}.Debug|x86.ActiveCfg = Debug|Any CPU
		{F3484C15-9B61-4531-B3EC-6E1EB10D7931}.Debug|x86.Build.0 = Debug|Any CPU
		{F3484C15-9B61-4531-B3EC-6E1EB10D7931}.Release|Any CPU.ActiveCfg = Release|Any CPU
		{F3484C15-9B61-4531-B3EC-6E1EB10D7931}.Release|Any CPU.Build.0 = Release|Any CPU
		{F3484C15-9B61-4531-B3EC-6E1EB10D7931}.Release|x64.ActiveCfg = Release|x64
		{F3484C15-9B61-4531-B3EC-6E1EB10D7931}.Release|x64.Build.0 = Release|x64
		{F3484C15-9B61-4531-B3EC-6E1EB10D7931}.Release|x86.ActiveCfg = Release|Any CPU
		{F3484C15-9B61-4531-B3EC-6E1EB10D7931}.Release|x86.Build.0 = Release|Any CPU
	EndGlobalSection
	GlobalSection(SolutionProperties) = preSolution
		HideSolutionNode = FALSE
	EndGlobalSection
	GlobalSection(ExtensibilityGlobals) = postSolution
		SolutionGuid = {8659F868-D991-4CC9-AEB3-5D72FBCBA359}
	EndGlobalSection
EndGlobal
